
Microsoft Visual Studio Solution File, Format Version 12.00
# Visual Studio Version 16
VisualStudioVersion = 16.0.29209.62
MinimumVisualStudioVersion = 10.0.40219.1
Project("{FAE04EC0-301F-11D3-BF4B-00C04F79EFBC}") = "ModioX", "ModioX\ModioX.csproj", "{4996A6E8-C4B0-4E21-B68C-5A29C9B3F9B3}"
EndProject
Project("{FAE04EC0-301F-11D3-BF4B-00C04F79EFBC}") = "DarkUI", "..\..\Plugins\RobinPerris-DarkUI-31603ae\DarkUI\DarkUI.csproj", "{F19472F5-8C44-4C51-A8A0-B9DE5F555255}"
EndProject
Global
	GlobalSection(SolutionConfigurationPlatforms) = preSolution
		Debug|Any CPU = Debug|Any CPU
		Release|Any CPU = Release|Any CPU
	EndGlobalSection
	GlobalSection(ProjectConfigurationPlatforms) = postSolution
		{4996A6E8-C4B0-4E21-B68C-5A29C9B3F9B3}.Debug|Any CPU.ActiveCfg = Debug|Any CPU
		{4996A6E8-C4B0-4E21-B68C-5A29C9B3F9B3}.Debug|Any CPU.Build.0 = Debug|Any CPU
		{4996A6E8-C4B0-4E21-B68C-5A29C9B3F9B3}.Release|Any CPU.ActiveCfg = Release|Any CPU
		{4996A6E8-C4B0-4E21-B68C-5A29C9B3F9B3}.Release|Any CPU.Build.0 = Release|Any CPU
		{F19472F5-8C44-4C51-A8A0-B9DE5F555255}.Debug|Any CPU.ActiveCfg = Debug|Any CPU
		{F19472F5-8C44-4C51-A8A0-B9DE5F555255}.Debug|Any CPU.Build.0 = Debug|Any CPU
		{F19472F5-8C44-4C51-A8A0-B9DE5F555255}.Release|Any CPU.ActiveCfg = Release|Any CPU
		{F19472F5-8C44-4C51-A8A0-B9DE5F555255}.Release|Any CPU.Build.0 = Release|Any CPU
	EndGlobalSection
	GlobalSection(SolutionProperties) = preSolution
		HideSolutionNode = FALSE
	EndGlobalSection
	GlobalSection(ExtensibilityGlobals) = postSolution
		SolutionGuid = {AD59D328-D2B6-490A-8FC5-E911CACF37C1}
	EndGlobalSection
EndGlobal
