
Microsoft Visual Studio Solution File, Format Version 12.00
# Visual Studio Version 16
VisualStudioVersion = 16.0.29209.62
MinimumVisualStudioVersion = 10.0.40219.1
Project("{FAE04EC0-301F-11D3-BF4B-00C04F79EFBC}") = "Modio", "Modio\Modio.csproj", "{4996A6E8-C4B0-4E21-B68C-5A29C9B3F9B3}"
EndProject
Global
	GlobalSection(SolutionConfigurationPlatforms) = preSolution
		Debug|Any CPU = Debug|Any CPU
		Debug|x86 = Debug|x86
		Release|Any CPU = Release|Any CPU
		Release|x86 = Release|x86
	EndGlobalSection
	GlobalSection(ProjectConfigurationPlatforms) = postSolution
		{4996A6E8-C4B0-4E21-B68C-5A29C9B3F9B3}.Debug|Any CPU.ActiveCfg = Debug|Any CPU
		{4996A6E8-C4B0-4E21-B68C-5A29C9B3F9B3}.Debug|Any CPU.Build.0 = Debug|Any CPU
		{4996A6E8-C4B0-4E21-B68C-5A29C9B3F9B3}.Debug|x86.ActiveCfg = Debug|Any CPU
		{4996A6E8-C4B0-4E21-B68C-5A29C9B3F9B3}.Debug|x86.Build.0 = Debug|Any CPU
		{4996A6E8-C4B0-4E21-B68C-5A29C9B3F9B3}.Release|Any CPU.ActiveCfg = Release|Any CPU
		{4996A6E8-C4B0-4E21-B68C-5A29C9B3F9B3}.Release|Any CPU.Build.0 = Release|Any CPU
		{4996A6E8-C4B0-4E21-B68C-5A29C9B3F9B3}.Release|x86.ActiveCfg = Release|Any CPU
		{4996A6E8-C4B0-4E21-B68C-5A29C9B3F9B3}.Release|x86.Build.0 = Release|Any CPU
	EndGlobalSection
	GlobalSection(SolutionProperties) = preSolution
		HideSolutionNode = FALSE
	EndGlobalSection
	GlobalSection(ExtensibilityGlobals) = postSolution
		SolutionGuid = {AD59D328-D2B6-490A-8FC5-E911CACF37C1}
	EndGlobalSection
EndGlobal
